
Microsoft Visual Studio Solution File, Format Version 12.00
# Visual Studio Version 16
VisualStudioVersion = 16.0.28922.388
MinimumVisualStudioVersion = 10.0.40219.1
Project("{9A19103F-16F7-4668-BE54-9A1E7A4F7556}") = "Web.Iot.Shared", "Shared\Web.Iot.Shared.csproj", "{2233AA4B-11E3-4B15-90FC-C7838B60A290}"
EndProject
Project("{9A19103F-16F7-4668-BE54-9A1E7A4F7556}") = "Web.Iot.ScanService", "ScanService\Web.Iot.ScanService.csproj", "{13954F81-18DC-4254-AF65-C9A3CC962739}"
EndProject
Project("{9A19103F-16F7-4668-BE54-9A1E7A4F7556}") = "Web.Iot.SettingService", "SettingService\Web.Iot.SettingService.csproj", "{476FE742-DD64-41D1-A9F8-5236368DD1BB}"
EndProject
Project("{9A19103F-16F7-4668-BE54-9A1E7A4F7556}") = "Web.Iot.PortalService", "PortalService\Web.Iot.PortalService.csproj", "{CF3DE173-2194-4164-8AE3-82C5720AD282}"
EndProject
Project("{9A19103F-16F7-4668-BE54-9A1E7A4F7556}") = "Web.Iot.DeviceService", "DeviceService\Web.Iot.DeviceService.csproj", "{CBCB31D0-6908-47BA-973C-8FA6A498B833}"
EndProject
Project("{9A19103F-16F7-4668-BE54-9A1E7A4F7556}") = "Web.Iot.Client", "Client\Web.Iot.Client.csproj", "{322590C0-E2B8-41EA-9CC5-1D16D6BCB209}"
EndProject
Project("{9A19103F-16F7-4668-BE54-9A1E7A4F7556}") = "Web.Iot.Models", "Models\Web.Iot.Models.csproj", "{E1343160-1C99-445F-978D-6B12D7082EB1}"
EndProject
Project("{9A19103F-16F7-4668-BE54-9A1E7A4F7556}") = "Web.Iot.DisplayService", "DisplayService\Web.Iot.DisplayService.csproj", "{947A9E14-42C2-4C2F-95B4-CC26B68F8DB0}"
EndProject
Project("{9A19103F-16F7-4668-BE54-9A1E7A4F7556}") = "Web.Iot.GDPRService", "GDPRService\Web.Iot.GDPRService.csproj", "{1ED935D1-024C-4817-B05E-E1322515D425}"
EndProject
Project("{FAE04EC0-301F-11D3-BF4B-00C04F79EFBC}") = "Web.Iot.APIGatewayService", "Web.Iot.APIGatewayService\Web.Iot.APIGatewayService.csproj", "{F07421A0-D52D-4FE9-A740-EA7F2A07F6E9}"
EndProject
Global
	GlobalSection(SolutionConfigurationPlatforms) = preSolution
		Debug|Any CPU = Debug|Any CPU
		Release|Any CPU = Release|Any CPU
	EndGlobalSection
	GlobalSection(ProjectConfigurationPlatforms) = postSolution
		{2233AA4B-11E3-4B15-90FC-C7838B60A290}.Debug|Any CPU.ActiveCfg = Debug|Any CPU
		{2233AA4B-11E3-4B15-90FC-C7838B60A290}.Debug|Any CPU.Build.0 = Debug|Any CPU
		{2233AA4B-11E3-4B15-90FC-C7838B60A290}.Release|Any CPU.ActiveCfg = Release|Any CPU
		{2233AA4B-11E3-4B15-90FC-C7838B60A290}.Release|Any CPU.Build.0 = Release|Any CPU
		{13954F81-18DC-4254-AF65-C9A3CC962739}.Debug|Any CPU.ActiveCfg = Debug|Any CPU
		{13954F81-18DC-4254-AF65-C9A3CC962739}.Debug|Any CPU.Build.0 = Debug|Any CPU
		{13954F81-18DC-4254-AF65-C9A3CC962739}.Release|Any CPU.ActiveCfg = Release|Any CPU
		{13954F81-18DC-4254-AF65-C9A3CC962739}.Release|Any CPU.Build.0 = Release|Any CPU
		{476FE742-DD64-41D1-A9F8-5236368DD1BB}.Debug|Any CPU.ActiveCfg = Debug|Any CPU
		{476FE742-DD64-41D1-A9F8-5236368DD1BB}.Debug|Any CPU.Build.0 = Debug|Any CPU
		{476FE742-DD64-41D1-A9F8-5236368DD1BB}.Release|Any CPU.ActiveCfg = Release|Any CPU
		{476FE742-DD64-41D1-A9F8-5236368DD1BB}.Release|Any CPU.Build.0 = Release|Any CPU
		{CF3DE173-2194-4164-8AE3-82C5720AD282}.Debug|Any CPU.ActiveCfg = Debug|Any CPU
		{CF3DE173-2194-4164-8AE3-82C5720AD282}.Debug|Any CPU.Build.0 = Debug|Any CPU
		{CF3DE173-2194-4164-8AE3-82C5720AD282}.Release|Any CPU.ActiveCfg = Release|Any CPU
		{CF3DE173-2194-4164-8AE3-82C5720AD282}.Release|Any CPU.Build.0 = Release|Any CPU
		{CBCB31D0-6908-47BA-973C-8FA6A498B833}.Debug|Any CPU.ActiveCfg = Debug|Any CPU
		{CBCB31D0-6908-47BA-973C-8FA6A498B833}.Debug|Any CPU.Build.0 = Debug|Any CPU
		{CBCB31D0-6908-47BA-973C-8FA6A498B833}.Release|Any CPU.ActiveCfg = Release|Any CPU
		{CBCB31D0-6908-47BA-973C-8FA6A498B833}.Release|Any CPU.Build.0 = Release|Any CPU
		{322590C0-E2B8-41EA-9CC5-1D16D6BCB209}.Debug|Any CPU.ActiveCfg = Debug|Any CPU
		{322590C0-E2B8-41EA-9CC5-1D16D6BCB209}.Debug|Any CPU.Build.0 = Debug|Any CPU
		{322590C0-E2B8-41EA-9CC5-1D16D6BCB209}.Release|Any CPU.ActiveCfg = Release|Any CPU
		{322590C0-E2B8-41EA-9CC5-1D16D6BCB209}.Release|Any CPU.Build.0 = Release|Any CPU
		{E1343160-1C99-445F-978D-6B12D7082EB1}.Debug|Any CPU.ActiveCfg = Debug|Any CPU
		{E1343160-1C99-445F-978D-6B12D7082EB1}.Debug|Any CPU.Build.0 = Debug|Any CPU
		{E1343160-1C99-445F-978D-6B12D7082EB1}.Release|Any CPU.ActiveCfg = Release|Any CPU
		{E1343160-1C99-445F-978D-6B12D7082EB1}.Release|Any CPU.Build.0 = Release|Any CPU
		{947A9E14-42C2-4C2F-95B4-CC26B68F8DB0}.Debug|Any CPU.ActiveCfg = Debug|Any CPU
		{947A9E14-42C2-4C2F-95B4-CC26B68F8DB0}.Debug|Any CPU.Build.0 = Debug|Any CPU
		{947A9E14-42C2-4C2F-95B4-CC26B68F8DB0}.Release|Any CPU.ActiveCfg = Release|Any CPU
		{947A9E14-42C2-4C2F-95B4-CC26B68F8DB0}.Release|Any CPU.Build.0 = Release|Any CPU
		{1ED935D1-024C-4817-B05E-E1322515D425}.Debug|Any CPU.ActiveCfg = Debug|Any CPU
		{1ED935D1-024C-4817-B05E-E1322515D425}.Debug|Any CPU.Build.0 = Debug|Any CPU
		{1ED935D1-024C-4817-B05E-E1322515D425}.Release|Any CPU.ActiveCfg = Release|Any CPU
		{1ED935D1-024C-4817-B05E-E1322515D425}.Release|Any CPU.Build.0 = Release|Any CPU
		{F07421A0-D52D-4FE9-A740-EA7F2A07F6E9}.Debug|Any CPU.ActiveCfg = Debug|Any CPU
		{F07421A0-D52D-4FE9-A740-EA7F2A07F6E9}.Debug|Any CPU.Build.0 = Debug|Any CPU
		{F07421A0-D52D-4FE9-A740-EA7F2A07F6E9}.Release|Any CPU.ActiveCfg = Release|Any CPU
		{F07421A0-D52D-4FE9-A740-EA7F2A07F6E9}.Release|Any CPU.Build.0 = Release|Any CPU
	EndGlobalSection
	GlobalSection(SolutionProperties) = preSolution
		HideSolutionNode = FALSE
	EndGlobalSection
	GlobalSection(ExtensibilityGlobals) = postSolution
		SolutionGuid = {FD22B056-E7AC-4253-AD20-6D19DF8F9A70}
	EndGlobalSection
EndGlobal
